
Microsoft Visual Studio Solution File, Format Version 12.00
# Visual Studio Version 17
VisualStudioVersion = 17.8.34330.188
MinimumVisualStudioVersion = 10.0.40219.1
Project("{9A19103F-16F7-4668-BE54-9A1E7A4F7556}") = "DZ.11.12.23", "DZ.11.12.23\DZ.11.12.23.csproj", "{975AE57E-1E4F-4799-B024-340BB2DAF2DC}"
EndProject
Project("{FAE04EC0-301F-11D3-BF4B-00C04F79EFBC}") = "DZ.11.12.23Task4", "DZ.11.12.23Task4\DZ.11.12.23Task4.csproj", "{793E0DC4-9717-4800-B299-732E8DFA403F}"
EndProject
Global
	GlobalSection(SolutionConfigurationPlatforms) = preSolution
		Debug|Any CPU = Debug|Any CPU
		Release|Any CPU = Release|Any CPU
	EndGlobalSection
	GlobalSection(ProjectConfigurationPlatforms) = postSolution
		{975AE57E-1E4F-4799-B024-340BB2DAF2DC}.Debug|Any CPU.ActiveCfg = Debug|Any CPU
		{975AE57E-1E4F-4799-B024-340BB2DAF2DC}.Debug|Any CPU.Build.0 = Debug|Any CPU
		{975AE57E-1E4F-4799-B024-340BB2DAF2DC}.Release|Any CPU.ActiveCfg = Release|Any CPU
		{975AE57E-1E4F-4799-B024-340BB2DAF2DC}.Release|Any CPU.Build.0 = Release|Any CPU
		{793E0DC4-9717-4800-B299-732E8DFA403F}.Debug|Any CPU.ActiveCfg = Debug|Any CPU
		{793E0DC4-9717-4800-B299-732E8DFA403F}.Debug|Any CPU.Build.0 = Debug|Any CPU
		{793E0DC4-9717-4800-B299-732E8DFA403F}.Release|Any CPU.ActiveCfg = Release|Any CPU
		{793E0DC4-9717-4800-B299-732E8DFA403F}.Release|Any CPU.Build.0 = Release|Any CPU
	EndGlobalSection
	GlobalSection(SolutionProperties) = preSolution
		HideSolutionNode = FALSE
	EndGlobalSection
	GlobalSection(ExtensibilityGlobals) = postSolution
		SolutionGuid = {E637CF21-B78C-4727-91B1-041E93EF4FD4}
	EndGlobalSection
EndGlobal
